
Microsoft Visual Studio Solution File, Format Version 12.00
# Visual Studio Version 17
VisualStudioVersion = 17.12.35527.113
MinimumVisualStudioVersion = 10.0.40219.1
Project("{FAE04EC0-301F-11D3-BF4B-00C04F79EFBC}") = "Book.Api", "Book.Api.csproj", "{18C3868F-A323-4338-9E0B-7B992021347A}"
EndProject
Project("{FAE04EC0-301F-11D3-BF4B-00C04F79EFBC}") = "Book.Application", "..\Book.Application\Book.Application.csproj", "{47504724-0B4A-4613-AED5-CAA10F7A3E9E}"
EndProject
Project("{FAE04EC0-301F-11D3-BF4B-00C04F79EFBC}") = "Book.Core", "..\Book.Core\Book.Core.csproj", "{D2CE6F70-00C0-44AB-B743-B23ACA71D6B8}"
EndProject
Project("{FAE04EC0-301F-11D3-BF4B-00C04F79EFBC}") = "Book.Infrastructure", "..\Book.Infrastructure\Book.Infrastructure.csproj", "{9527CDCE-18FC-4DF6-A8A2-ACB7040378E8}"
EndProject
Global
	GlobalSection(SolutionConfigurationPlatforms) = preSolution
		Debug|Any CPU = Debug|Any CPU
		Release|Any CPU = Release|Any CPU
	EndGlobalSection
	GlobalSection(ProjectConfigurationPlatforms) = postSolution
		{18C3868F-A323-4338-9E0B-7B992021347A}.Debug|Any CPU.ActiveCfg = Debug|Any CPU
		{18C3868F-A323-4338-9E0B-7B992021347A}.Debug|Any CPU.Build.0 = Debug|Any CPU
		{18C3868F-A323-4338-9E0B-7B992021347A}.Release|Any CPU.ActiveCfg = Release|Any CPU
		{18C3868F-A323-4338-9E0B-7B992021347A}.Release|Any CPU.Build.0 = Release|Any CPU
		{47504724-0B4A-4613-AED5-CAA10F7A3E9E}.Debug|Any CPU.ActiveCfg = Debug|Any CPU
		{47504724-0B4A-4613-AED5-CAA10F7A3E9E}.Debug|Any CPU.Build.0 = Debug|Any CPU
		{47504724-0B4A-4613-AED5-CAA10F7A3E9E}.Release|Any CPU.ActiveCfg = Release|Any CPU
		{47504724-0B4A-4613-AED5-CAA10F7A3E9E}.Release|Any CPU.Build.0 = Release|Any CPU
		{D2CE6F70-00C0-44AB-B743-B23ACA71D6B8}.Debug|Any CPU.ActiveCfg = Debug|Any CPU
		{D2CE6F70-00C0-44AB-B743-B23ACA71D6B8}.Debug|Any CPU.Build.0 = Debug|Any CPU
		{D2CE6F70-00C0-44AB-B743-B23ACA71D6B8}.Release|Any CPU.ActiveCfg = Release|Any CPU
		{D2CE6F70-00C0-44AB-B743-B23ACA71D6B8}.Release|Any CPU.Build.0 = Release|Any CPU
		{9527CDCE-18FC-4DF6-A8A2-ACB7040378E8}.Debug|Any CPU.ActiveCfg = Debug|Any CPU
		{9527CDCE-18FC-4DF6-A8A2-ACB7040378E8}.Debug|Any CPU.Build.0 = Debug|Any CPU
		{9527CDCE-18FC-4DF6-A8A2-ACB7040378E8}.Release|Any CPU.ActiveCfg = Release|Any CPU
		{9527CDCE-18FC-4DF6-A8A2-ACB7040378E8}.Release|Any CPU.Build.0 = Release|Any CPU
	EndGlobalSection
	GlobalSection(SolutionProperties) = preSolution
		HideSolutionNode = FALSE
	EndGlobalSection
EndGlobal
